
Microsoft Visual Studio Solution File, Format Version 12.00
# Visual Studio Version 16
VisualStudioVersion = 16.0.30907.101
MinimumVisualStudioVersion = 10.0.40219.1
Project("{FAE04EC0-301F-11D3-BF4B-00C04F79EFBC}") = "SimpleServicePermissionsChecker", "SimpleServicePermissionsChecker.csproj", "{197A124D-ABC4-4B75-8AC3-9F57C2F197BB}"
EndProject
Global
	GlobalSection(SolutionConfigurationPlatforms) = preSolution
		Debug|Any CPU = Debug|Any CPU
		Release|Any CPU = Release|Any CPU
	EndGlobalSection
	GlobalSection(ProjectConfigurationPlatforms) = postSolution
		{197A124D-ABC4-4B75-8AC3-9F57C2F197BB}.Debug|Any CPU.ActiveCfg = Debug|Any CPU
		{197A124D-ABC4-4B75-8AC3-9F57C2F197BB}.Debug|Any CPU.Build.0 = Debug|Any CPU
		{197A124D-ABC4-4B75-8AC3-9F57C2F197BB}.Release|Any CPU.ActiveCfg = Release|Any CPU
		{197A124D-ABC4-4B75-8AC3-9F57C2F197BB}.Release|Any CPU.Build.0 = Release|Any CPU
	EndGlobalSection
	GlobalSection(SolutionProperties) = preSolution
		HideSolutionNode = FALSE
	EndGlobalSection
	GlobalSection(ExtensibilityGlobals) = postSolution
		SolutionGuid = {09D1C152-25AA-4139-843D-7ED995E4A2B9}
	EndGlobalSection
EndGlobal
